// !$*UTF8*$!
{
	archiveVersion = 1;
	classes = {
	};
	objectVersion = 56;
	objects = {

/* Begin PBXBuildFile section */
		2A0001012C2CC00100000001 /* BluetoothScannerApp.swift in Sources */ = {isa = PBXBuildFile; fileRef = 2A0002012C2CC00100000001 /* BluetoothScannerApp.swift */; };
		2A0001022C2CC00100000001 /* AppState.swift in Sources */ = {isa = PBXBuildFile; fileRef = 2A0002022C2CC00100000001 /* AppState.swift */; };
		2A0001032C2CC00100000001 /* BluetoothModels.swift in Sources */ = {isa = PBXBuildFile; fileRef = 2A0002032C2CC00100000001 /* BluetoothModels.swift */; };
		2A0001042C2CC00100000001 /* BluetoothScannerService.swift in Sources */ = {isa = PBXBuildFile; fileRef = 2A0002042C2CC00100000001 /* BluetoothScannerService.swift */; };
		2A0001052C2CC00100000001 /* ClusterDetectionService.swift in Sources */ = {isa = PBXBuildFile; fileRef = 2A0002052C2CC00100000001 /* ClusterDetectionService.swift */; };
		2A0001062C2CC00100000001 /* LocalStorageService.swift in Sources */ = {isa = PBXBuildFile; fileRef = 2A0002062C2CC00100000001 /* LocalStorageService.swift */; };
		2A0001072C2CC00100000001 /* SessionService.swift in Sources */ = {isa = PBXBuildFile; fileRef = 2A0002072C2CC00100000001 /* SessionService.swift */; };
		2A0001082C2CC00100000001 /* LiveScanView.swift in Sources */ = {isa = PBXBuildFile; fileRef = 2A0002082C2CC00100000001 /* LiveScanView.swift */; };
		2A0001092C2CC00100000001 /* DeviceGroupsView.swift in Sources */ = {isa = PBXBuildFile; fileRef = 2A0002092C2CC00100000001 /* DeviceGroupsView.swift */; };
		2A00010A2C2CC00100000001 /* DeviceDetailView.swift in Sources */ = {isa = PBXBuildFile; fileRef = 2A00020A2C2CC00100000001 /* DeviceDetailView.swift */; };
		2A00010B2C2CC00100000001 /* SettingsView.swift in Sources */ = {isa = PBXBuildFile; fileRef = 2A00020B2C2CC00100000001 /* SettingsView.swift */; };
		2A00010C2C2CC00100000001 /* PreviewData.swift in Sources */ = {isa = PBXBuildFile; fileRef = 2A00020C2C2CC00100000001 /* PreviewData.swift */; };
		2A00010D2C2CC00100000001 /* UDIDCatalog.swift in Sources */ = {isa = PBXBuildFile; fileRef = 2A00020D2C2CC00100000001 /* UDIDCatalog.swift */; };
		2A00010E2C2CC00100000001 /* ProximityStabilizer.swift in Sources */ = {isa = PBXBuildFile; fileRef = 2A00020E2C2CC00100000001 /* ProximityStabilizer.swift */; };
		2A0001112C2CC00100000001 /* BLEDistanceEstimator.swift in Sources */ = {isa = PBXBuildFile; fileRef = 2A0002112C2CC00100000001 /* BLEDistanceEstimator.swift */; };
		2A0001122C2CC00100000001 /* BLEDistanceEstimatorTests.swift in Sources */ = {isa = PBXBuildFile; fileRef = 2A0002122C2CC00100000001 /* BLEDistanceEstimatorTests.swift */; };
		2A0001132C2CC00100000001 /* BluetoothManufacturer.swift in Sources */ = {isa = PBXBuildFile; fileRef = 2A0002132C2CC00100000001 /* BluetoothManufacturer.swift */; };
		2A0001142C2CC00100000001 /* BluetoothAppearance.swift in Sources */ = {isa = PBXBuildFile; fileRef = 2A0002142C2CC00100000001 /* BluetoothAppearance.swift */; };
		2A0001152C2CC00100000001 /* DetectedDeviceClassification.swift in Sources */ = {isa = PBXBuildFile; fileRef = 2A0002152C2CC00100000001 /* DetectedDeviceClassification.swift */; };
		2A0001162C2CC00100000001 /* ManufacturerLookup.swift in Sources */ = {isa = PBXBuildFile; fileRef = 2A0002162C2CC00100000001 /* ManufacturerLookup.swift */; };
		2A0001172C2CC00100000001 /* AppearanceLookup.swift in Sources */ = {isa = PBXBuildFile; fileRef = 2A0002172C2CC00100000001 /* AppearanceLookup.swift */; };
		2A0001182C2CC00100000001 /* DeviceClassifier.swift in Sources */ = {isa = PBXBuildFile; fileRef = 2A0002182C2CC00100000001 /* DeviceClassifier.swift */; };
		2A0001192C2CC00100000001 /* data in Resources */ = {isa = PBXBuildFile; fileRef = 2A0002192C2CC00100000001 /* data */; };
		2A00011B2C2CC00100000001 /* DeviceClassifierTests.swift in Sources */ = {isa = PBXBuildFile; fileRef = 2A00021B2C2CC00100000001 /* DeviceClassifierTests.swift */; };
		2A00011C2C2CC00100000001 /* Assets.xcassets in Resources */ = {isa = PBXBuildFile; fileRef = 2A00021C2C2CC00100000001 /* Assets.xcassets */; };
		2A00011D2C2CC00100000001 /* ClusterDetectionServiceTests.swift in Sources */ = {isa = PBXBuildFile; fileRef = 2A00021D2C2CC00100000001 /* ClusterDetectionServiceTests.swift */; };
		2A1001012C2CC00100000001 /* ScreenHeader.swift in Sources */ = {isa = PBXBuildFile; fileRef = 2A1002012C2CC00100000001 /* ScreenHeader.swift */; };
		2A1001022C2CC00100000001 /* LiveScanControls.swift in Sources */ = {isa = PBXBuildFile; fileRef = 2A1002022C2CC00100000001 /* LiveScanControls.swift */; };
		2A1001032C2CC00100000001 /* LiveScanOverview.swift in Sources */ = {isa = PBXBuildFile; fileRef = 2A1002032C2CC00100000001 /* LiveScanOverview.swift */; };
		2A1001042C2CC00100000001 /* LiveScanDeviceViews.swift in Sources */ = {isa = PBXBuildFile; fileRef = 2A1002042C2CC00100000001 /* LiveScanDeviceViews.swift */; };
/* End PBXBuildFile section */

/* Begin PBXContainerItemProxy section */
		2A0003032C2CC00100000001 /* PBXContainerItemProxy */ = {
			isa = PBXContainerItemProxy;
			containerPortal = 2A0008012C2CC00100000001 /* Project object */;
			proxyType = 1;
			remoteGlobalIDString = 2A0005012C2CC00100000001;
			remoteInfo = BluetoothScanner;
		};
/* End PBXContainerItemProxy section */

/* Begin PBXFileReference section */
		2A0000012C2CC00100000001 /* BluetoothScanner.app */ = {isa = PBXFileReference; explicitFileType = wrapper.application; includeInIndex = 0; path = BluetoothScanner.app; sourceTree = BUILT_PRODUCTS_DIR; };
		2A0000022C2CC00100000001 /* BluetoothScannerTests.xctest */ = {isa = PBXFileReference; explicitFileType = wrapper.cfbundle; includeInIndex = 0; path = BluetoothScannerTests.xctest; sourceTree = BUILT_PRODUCTS_DIR; };
		2A0002012C2CC00100000001 /* BluetoothScannerApp.swift */ = {isa = PBXFileReference; lastKnownFileType = sourcecode.swift; path = BluetoothScannerApp.swift; sourceTree = "<group>"; };
		2A0002022C2CC00100000001 /* AppState.swift */ = {isa = PBXFileReference; lastKnownFileType = sourcecode.swift; path = AppState.swift; sourceTree = "<group>"; };
		2A0002032C2CC00100000001 /* BluetoothModels.swift */ = {isa = PBXFileReference; lastKnownFileType = sourcecode.swift; path = BluetoothModels.swift; sourceTree = "<group>"; };
		2A0002042C2CC00100000001 /* BluetoothScannerService.swift */ = {isa = PBXFileReference; lastKnownFileType = sourcecode.swift; path = BluetoothScannerService.swift; sourceTree = "<group>"; };
		2A0002052C2CC00100000001 /* ClusterDetectionService.swift */ = {isa = PBXFileReference; lastKnownFileType = sourcecode.swift; path = ClusterDetectionService.swift; sourceTree = "<group>"; };
		2A0002062C2CC00100000001 /* LocalStorageService.swift */ = {isa = PBXFileReference; lastKnownFileType = sourcecode.swift; path = LocalStorageService.swift; sourceTree = "<group>"; };
		2A0002072C2CC00100000001 /* SessionService.swift */ = {isa = PBXFileReference; lastKnownFileType = sourcecode.swift; path = SessionService.swift; sourceTree = "<group>"; };
		2A0002082C2CC00100000001 /* LiveScanView.swift */ = {isa = PBXFileReference; lastKnownFileType = sourcecode.swift; path = LiveScanView.swift; sourceTree = "<group>"; };
		2A0002092C2CC00100000001 /* DeviceGroupsView.swift */ = {isa = PBXFileReference; lastKnownFileType = sourcecode.swift; path = DeviceGroupsView.swift; sourceTree = "<group>"; };
		2A00020A2C2CC00100000001 /* DeviceDetailView.swift */ = {isa = PBXFileReference; lastKnownFileType = sourcecode.swift; path = DeviceDetailView.swift; sourceTree = "<group>"; };
		2A00020B2C2CC00100000001 /* SettingsView.swift */ = {isa = PBXFileReference; lastKnownFileType = sourcecode.swift; path = SettingsView.swift; sourceTree = "<group>"; };
		2A00020C2C2CC00100000001 /* PreviewData.swift */ = {isa = PBXFileReference; lastKnownFileType = sourcecode.swift; path = PreviewData.swift; sourceTree = "<group>"; };
		2A00020D2C2CC00100000001 /* UDIDCatalog.swift */ = {isa = PBXFileReference; lastKnownFileType = sourcecode.swift; path = UDIDCatalog.swift; sourceTree = "<group>"; };
		2A00020E2C2CC00100000001 /* ProximityStabilizer.swift */ = {isa = PBXFileReference; lastKnownFileType = sourcecode.swift; path = ProximityStabilizer.swift; sourceTree = "<group>"; };
		2A0002112C2CC00100000001 /* BLEDistanceEstimator.swift */ = {isa = PBXFileReference; lastKnownFileType = sourcecode.swift; path = BLEDistanceEstimator.swift; sourceTree = "<group>"; };
		2A0002122C2CC00100000001 /* BLEDistanceEstimatorTests.swift */ = {isa = PBXFileReference; lastKnownFileType = sourcecode.swift; path = BLEDistanceEstimatorTests.swift; sourceTree = "<group>"; };
		2A0002132C2CC00100000001 /* BluetoothManufacturer.swift */ = {isa = PBXFileReference; lastKnownFileType = sourcecode.swift; path = BluetoothManufacturer.swift; sourceTree = "<group>"; };
		2A0002142C2CC00100000001 /* BluetoothAppearance.swift */ = {isa = PBXFileReference; lastKnownFileType = sourcecode.swift; path = BluetoothAppearance.swift; sourceTree = "<group>"; };
		2A0002152C2CC00100000001 /* DetectedDeviceClassification.swift */ = {isa = PBXFileReference; lastKnownFileType = sourcecode.swift; path = DetectedDeviceClassification.swift; sourceTree = "<group>"; };
		2A0002162C2CC00100000001 /* ManufacturerLookup.swift */ = {isa = PBXFileReference; lastKnownFileType = sourcecode.swift; path = ManufacturerLookup.swift; sourceTree = "<group>"; };
		2A0002172C2CC00100000001 /* AppearanceLookup.swift */ = {isa = PBXFileReference; lastKnownFileType = sourcecode.swift; path = AppearanceLookup.swift; sourceTree = "<group>"; };
		2A0002182C2CC00100000001 /* DeviceClassifier.swift */ = {isa = PBXFileReference; lastKnownFileType = sourcecode.swift; path = DeviceClassifier.swift; sourceTree = "<group>"; };
		2A0002192C2CC00100000001 /* data */ = {isa = PBXFileReference; lastKnownFileType = folder; path = data; sourceTree = "<group>"; };
		2A00021B2C2CC00100000001 /* DeviceClassifierTests.swift */ = {isa = PBXFileReference; lastKnownFileType = sourcecode.swift; path = DeviceClassifierTests.swift; sourceTree = "<group>"; };
		2A00021C2C2CC00100000001 /* Assets.xcassets */ = {isa = PBXFileReference; lastKnownFileType = folder.assetcatalog; path = Assets.xcassets; sourceTree = "<group>"; };
		2A00021D2C2CC00100000001 /* ClusterDetectionServiceTests.swift */ = {isa = PBXFileReference; lastKnownFileType = sourcecode.swift; path = ClusterDetectionServiceTests.swift; sourceTree = "<group>"; };
		2A1002012C2CC00100000001 /* ScreenHeader.swift */ = {isa = PBXFileReference; lastKnownFileType = sourcecode.swift; path = ScreenHeader.swift; sourceTree = "<group>"; };
		2A1002022C2CC00100000001 /* LiveScanControls.swift */ = {isa = PBXFileReference; lastKnownFileType = sourcecode.swift; path = LiveScanControls.swift; sourceTree = "<group>"; };
		2A1002032C2CC00100000001 /* LiveScanOverview.swift */ = {isa = PBXFileReference; lastKnownFileType = sourcecode.swift; path = LiveScanOverview.swift; sourceTree = "<group>"; };
		2A1002042C2CC00100000001 /* LiveScanDeviceViews.swift */ = {isa = PBXFileReference; lastKnownFileType = sourcecode.swift; path = LiveScanDeviceViews.swift; sourceTree = "<group>"; };
/* End PBXFileReference section */

/* Begin PBXFrameworksBuildPhase section */
		2A0003012C2CC00100000001 /* Frameworks */ = {
			isa = PBXFrameworksBuildPhase;
			buildActionMask = 2147483647;
			files = (
			);
			runOnlyForDeploymentPostprocessing = 0;
		};
		2A0003022C2CC00100000001 /* Frameworks */ = {
			isa = PBXFrameworksBuildPhase;
			buildActionMask = 2147483647;
			files = (
			);
			runOnlyForDeploymentPostprocessing = 0;
		};
/* End PBXFrameworksBuildPhase section */

/* Begin PBXGroup section */
		2A0004012C2CC00100000001 = {
			isa = PBXGroup;
			children = (
				2A0004022C2CC00100000001 /* BluetoothScanner */,
				2A0004082C2CC00100000001 /* BluetoothScannerTests */,
				2A0004032C2CC00100000001 /* Products */,
			);
			sourceTree = "<group>";
		};
		2A0004022C2CC00100000001 /* BluetoothScanner */ = {
			isa = PBXGroup;
			children = (
				2A0002012C2CC00100000001 /* BluetoothScannerApp.swift */,
				2A0002022C2CC00100000001 /* AppState.swift */,
				2A0004042C2CC00100000001 /* Models */,
				2A0004052C2CC00100000001 /* Services */,
				2A0004062C2CC00100000001 /* Views */,
				2A0004072C2CC00100000001 /* Support */,
				2A0004092C2CC00100000001 /* Resources */,
			);
			path = BluetoothScanner;
			sourceTree = "<group>";
		};
		2A0004032C2CC00100000001 /* Products */ = {
			isa = PBXGroup;
			children = (
				2A0000012C2CC00100000001 /* BluetoothScanner.app */,
				2A0000022C2CC00100000001 /* BluetoothScannerTests.xctest */,
			);
			name = Products;
			sourceTree = "<group>";
		};
		2A0004042C2CC00100000001 /* Models */ = {
			isa = PBXGroup;
			children = (
				2A0002032C2CC00100000001 /* BluetoothModels.swift */,
				2A0002132C2CC00100000001 /* BluetoothManufacturer.swift */,
				2A0002142C2CC00100000001 /* BluetoothAppearance.swift */,
				2A0002152C2CC00100000001 /* DetectedDeviceClassification.swift */,
			);
			path = Models;
			sourceTree = "<group>";
		};
		2A0004052C2CC00100000001 /* Services */ = {
			isa = PBXGroup;
			children = (
				2A0002042C2CC00100000001 /* BluetoothScannerService.swift */,
				2A0002052C2CC00100000001 /* ClusterDetectionService.swift */,
				2A0002062C2CC00100000001 /* LocalStorageService.swift */,
				2A0002072C2CC00100000001 /* SessionService.swift */,
				2A00020D2C2CC00100000001 /* UDIDCatalog.swift */,
				2A0002112C2CC00100000001 /* BLEDistanceEstimator.swift */,
				2A00020E2C2CC00100000001 /* ProximityStabilizer.swift */,
				2A0002162C2CC00100000001 /* ManufacturerLookup.swift */,
				2A0002172C2CC00100000001 /* AppearanceLookup.swift */,
				2A0002182C2CC00100000001 /* DeviceClassifier.swift */,
			);
			path = Services;
			sourceTree = "<group>";
		};
		2A0004062C2CC00100000001 /* Views */ = {
			isa = PBXGroup;
			children = (
				2A1002012C2CC00100000001 /* ScreenHeader.swift */,
				2A0002082C2CC00100000001 /* LiveScanView.swift */,
				2A1002022C2CC00100000001 /* LiveScanControls.swift */,
				2A1002032C2CC00100000001 /* LiveScanOverview.swift */,
				2A1002042C2CC00100000001 /* LiveScanDeviceViews.swift */,
				2A0002092C2CC00100000001 /* DeviceGroupsView.swift */,
				2A00020A2C2CC00100000001 /* DeviceDetailView.swift */,
				2A00020B2C2CC00100000001 /* SettingsView.swift */,
			);
			path = Views;
			sourceTree = "<group>";
		};
		2A0004072C2CC00100000001 /* Support */ = {
			isa = PBXGroup;
			children = (
				2A00020C2C2CC00100000001 /* PreviewData.swift */,
			);
			path = Support;
			sourceTree = "<group>";
		};
		2A0004082C2CC00100000001 /* BluetoothScannerTests */ = {
			isa = PBXGroup;
			children = (
				2A0002122C2CC00100000001 /* BLEDistanceEstimatorTests.swift */,
				2A00021D2C2CC00100000001 /* ClusterDetectionServiceTests.swift */,
				2A00021B2C2CC00100000001 /* DeviceClassifierTests.swift */,
			);
			path = BluetoothScannerTests;
			sourceTree = "<group>";
		};
		2A0004092C2CC00100000001 /* Resources */ = {
			isa = PBXGroup;
			children = (
				2A00021C2C2CC00100000001 /* Assets.xcassets */,
				2A0002192C2CC00100000001 /* data */,
			);
			path = Resources;
			sourceTree = "<group>";
		};
/* End PBXGroup section */

/* Begin PBXNativeTarget section */
		2A0005012C2CC00100000001 /* BluetoothScanner */ = {
			isa = PBXNativeTarget;
			buildConfigurationList = 2A0009012C2CC00100000001 /* Build configuration list for PBXNativeTarget "BluetoothScanner" */;
			buildPhases = (
				2A0006012C2CC00100000001 /* Sources */,
				2A0003012C2CC00100000001 /* Frameworks */,
				2A0007012C2CC00100000001 /* Resources */,
			);
			buildRules = (
			);
			dependencies = (
			);
			name = BluetoothScanner;
			productName = BluetoothScanner;
			productReference = 2A0000012C2CC00100000001 /* BluetoothScanner.app */;
			productType = "com.apple.product-type.application";
		};
		2A0005022C2CC00100000001 /* BluetoothScannerTests */ = {
			isa = PBXNativeTarget;
			buildConfigurationList = 2A0009032C2CC00100000001 /* Build configuration list for PBXNativeTarget "BluetoothScannerTests" */;
			buildPhases = (
				2A0006022C2CC00100000001 /* Sources */,
				2A0003022C2CC00100000001 /* Frameworks */,
				2A0007022C2CC00100000001 /* Resources */,
			);
			buildRules = (
			);
			dependencies = (
				2A0005032C2CC00100000001 /* PBXTargetDependency */,
			);
			name = BluetoothScannerTests;
			productName = BluetoothScannerTests;
			productReference = 2A0000022C2CC00100000001 /* BluetoothScannerTests.xctest */;
			productType = "com.apple.product-type.bundle.unit-test";
		};
/* End PBXNativeTarget section */

/* Begin PBXProject section */
		2A0008012C2CC00100000001 /* Project object */ = {
			isa = PBXProject;
			attributes = {
				BuildIndependentTargetsInParallel = 1;
				LastSwiftUpdateCheck = 2600;
				LastUpgradeCheck = 2700;
				TargetAttributes = {
					2A0005012C2CC00100000001 = {
						CreatedOnToolsVersion = 26.0;
					};
					2A0005022C2CC00100000001 = {
						CreatedOnToolsVersion = 26.0;
						TestTargetID = 2A0005012C2CC00100000001;
					};
				};
			};
			buildConfigurationList = 2A0009022C2CC00100000001 /* Build configuration list for PBXProject "BluetoothScanner" */;
			compatibilityVersion = "Xcode 14.0";
			developmentRegion = en;
			hasScannedForEncodings = 0;
			knownRegions = (
				en,
				Base,
			);
			mainGroup = 2A0004012C2CC00100000001;
			productRefGroup = 2A0004032C2CC00100000001 /* Products */;
			projectDirPath = "";
			projectRoot = "";
			targets = (
				2A0005012C2CC00100000001 /* BluetoothScanner */,
				2A0005022C2CC00100000001 /* BluetoothScannerTests */,
			);
		};
/* End PBXProject section */

/* Begin PBXResourcesBuildPhase section */
		2A0007012C2CC00100000001 /* Resources */ = {
			isa = PBXResourcesBuildPhase;
			buildActionMask = 2147483647;
			files = (
				2A00011C2C2CC00100000001 /* Assets.xcassets in Resources */,
				2A0001192C2CC00100000001 /* data in Resources */,
			);
			runOnlyForDeploymentPostprocessing = 0;
		};
		2A0007022C2CC00100000001 /* Resources */ = {
			isa = PBXResourcesBuildPhase;
			buildActionMask = 2147483647;
			files = (
			);
			runOnlyForDeploymentPostprocessing = 0;
		};
/* End PBXResourcesBuildPhase section */

/* Begin PBXSourcesBuildPhase section */
		2A0006012C2CC00100000001 /* Sources */ = {
			isa = PBXSourcesBuildPhase;
			buildActionMask = 2147483647;
			files = (
				2A0001012C2CC00100000001 /* BluetoothScannerApp.swift in Sources */,
				2A0001022C2CC00100000001 /* AppState.swift in Sources */,
				2A0001032C2CC00100000001 /* BluetoothModels.swift in Sources */,
				2A0001132C2CC00100000001 /* BluetoothManufacturer.swift in Sources */,
				2A0001142C2CC00100000001 /* BluetoothAppearance.swift in Sources */,
				2A0001152C2CC00100000001 /* DetectedDeviceClassification.swift in Sources */,
				2A0001042C2CC00100000001 /* BluetoothScannerService.swift in Sources */,
				2A0001052C2CC00100000001 /* ClusterDetectionService.swift in Sources */,
				2A0001062C2CC00100000001 /* LocalStorageService.swift in Sources */,
				2A0001072C2CC00100000001 /* SessionService.swift in Sources */,
				2A0001082C2CC00100000001 /* LiveScanView.swift in Sources */,
				2A1001012C2CC00100000001 /* ScreenHeader.swift in Sources */,
				2A1001022C2CC00100000001 /* LiveScanControls.swift in Sources */,
				2A1001032C2CC00100000001 /* LiveScanOverview.swift in Sources */,
				2A1001042C2CC00100000001 /* LiveScanDeviceViews.swift in Sources */,
				2A0001092C2CC00100000001 /* DeviceGroupsView.swift in Sources */,
				2A00010A2C2CC00100000001 /* DeviceDetailView.swift in Sources */,
				2A00010B2C2CC00100000001 /* SettingsView.swift in Sources */,
				2A00010C2C2CC00100000001 /* PreviewData.swift in Sources */,
				2A00010D2C2CC00100000001 /* UDIDCatalog.swift in Sources */,
				2A0001112C2CC00100000001 /* BLEDistanceEstimator.swift in Sources */,
				2A00010E2C2CC00100000001 /* ProximityStabilizer.swift in Sources */,
				2A0001162C2CC00100000001 /* ManufacturerLookup.swift in Sources */,
				2A0001172C2CC00100000001 /* AppearanceLookup.swift in Sources */,
				2A0001182C2CC00100000001 /* DeviceClassifier.swift in Sources */,
			);
			runOnlyForDeploymentPostprocessing = 0;
		};
		2A0006022C2CC00100000001 /* Sources */ = {
			isa = PBXSourcesBuildPhase;
			buildActionMask = 2147483647;
			files = (
				2A0001122C2CC00100000001 /* BLEDistanceEstimatorTests.swift in Sources */,
				2A00011D2C2CC00100000001 /* ClusterDetectionServiceTests.swift in Sources */,
				2A00011B2C2CC00100000001 /* DeviceClassifierTests.swift in Sources */,
			);
			runOnlyForDeploymentPostprocessing = 0;
		};
/* End PBXSourcesBuildPhase section */

/* Begin PBXTargetDependency section */
		2A0005032C2CC00100000001 /* PBXTargetDependency */ = {
			isa = PBXTargetDependency;
			target = 2A0005012C2CC00100000001 /* BluetoothScanner */;
			targetProxy = 2A0003032C2CC00100000001 /* PBXContainerItemProxy */;
		};
/* End PBXTargetDependency section */

/* Begin XCBuildConfiguration section */
		2A000A012C2CC00100000001 /* Debug */ = {
			isa = XCBuildConfiguration;
			buildSettings = {
				ALWAYS_SEARCH_USER_PATHS = NO;
				CLANG_ANALYZER_NONNULL = YES;
				CLANG_ANALYZER_NUMBER_OBJECT_CONVERSION = YES_AGGRESSIVE;
				CLANG_CXX_LANGUAGE_STANDARD = "gnu++20";
				CLANG_ENABLE_MODULES = YES;
				CLANG_ENABLE_OBJC_ARC = YES;
				CLANG_ENABLE_OBJC_WEAK = YES;
				CLANG_WARN_BLOCK_CAPTURE_AUTORELEASING = YES;
				CLANG_WARN_BOOL_CONVERSION = YES;
				CLANG_WARN_COMMA = YES;
				CLANG_WARN_CONSTANT_CONVERSION = YES;
				CLANG_WARN_DEPRECATED_OBJC_IMPLEMENTATIONS = YES;
				CLANG_WARN_DIRECT_OBJC_ISA_USAGE = YES_ERROR;
				CLANG_WARN_DOCUMENTATION_COMMENTS = YES;
				CLANG_WARN_EMPTY_BODY = YES;
				CLANG_WARN_ENUM_CONVERSION = YES;
				CLANG_WARN_INFINITE_RECURSION = YES;
				CLANG_WARN_INT_CONVERSION = YES;
				CLANG_WARN_NON_LITERAL_NULL_CONVERSION = YES;
				CLANG_WARN_OBJC_IMPLICIT_RETAIN_SELF = YES;
				CLANG_WARN_OBJC_LITERAL_CONVERSION = YES;
				CLANG_WARN_OBJC_ROOT_CLASS = YES_ERROR;
				CLANG_WARN_QUOTED_INCLUDE_IN_FRAMEWORK_HEADER = YES;
				CLANG_WARN_RANGE_LOOP_ANALYSIS = YES;
				CLANG_WARN_STRICT_PROTOTYPES = YES;
				CLANG_WARN_SUSPICIOUS_MOVE = YES;
				CLANG_WARN_UNGUARDED_AVAILABILITY = YES_AGGRESSIVE;
				CLANG_WARN_UNREACHABLE_CODE = YES;
				CLANG_WARN__DUPLICATE_METHOD_MATCH = YES;
				COPY_PHASE_STRIP = NO;
				DEBUG_INFORMATION_FORMAT = dwarf;
				ENABLE_STRICT_OBJC_MSGSEND = YES;
				ENABLE_TESTABILITY = YES;
				ENABLE_USER_SCRIPT_SANDBOXING = YES;
				GCC_C_LANGUAGE_STANDARD = gnu17;
				GCC_DYNAMIC_NO_PIC = NO;
				GCC_NO_COMMON_BLOCKS = YES;
				GCC_OPTIMIZATION_LEVEL = 0;
				GCC_PREPROCESSOR_DEFINITIONS = (
					"DEBUG=1",
					"$(inherited)",
				);
				GCC_WARN_64_TO_32_BIT_CONVERSION = YES;
				GCC_WARN_ABOUT_RETURN_TYPE = YES_ERROR;
				GCC_WARN_UNDECLARED_SELECTOR = YES;
				GCC_WARN_UNINITIALIZED_AUTOS = YES_AGGRESSIVE;
				GCC_WARN_UNUSED_FUNCTION = YES;
				GCC_WARN_UNUSED_VARIABLE = YES;
				IPHONEOS_DEPLOYMENT_TARGET = 26.6;
				MTL_ENABLE_DEBUG_INFO = INCLUDE_SOURCE;
				MTL_FAST_MATH = YES;
				ONLY_ACTIVE_ARCH = YES;
				SDKROOT = iphoneos;
				STRING_CATALOG_GENERATE_SYMBOLS = YES;
				SUPPORTED_PLATFORMS = "iphoneos iphonesimulator";
				SWIFT_ACTIVE_COMPILATION_CONDITIONS = DEBUG;
				SWIFT_OPTIMIZATION_LEVEL = "-Onone";
			};
			name = Debug;
		};
		2A000A022C2CC00100000001 /* Release */ = {
			isa = XCBuildConfiguration;
			buildSettings = {
				ALWAYS_SEARCH_USER_PATHS = NO;
				CLANG_ANALYZER_NONNULL = YES;
				CLANG_ANALYZER_NUMBER_OBJECT_CONVERSION = YES_AGGRESSIVE;
				CLANG_CXX_LANGUAGE_STANDARD = "gnu++20";
				CLANG_ENABLE_MODULES = YES;
				CLANG_ENABLE_OBJC_ARC = YES;
				CLANG_ENABLE_OBJC_WEAK = YES;
				CLANG_WARN_BLOCK_CAPTURE_AUTORELEASING = YES;
				CLANG_WARN_BOOL_CONVERSION = YES;
				CLANG_WARN_COMMA = YES;
				CLANG_WARN_CONSTANT_CONVERSION = YES;
				CLANG_WARN_DEPRECATED_OBJC_IMPLEMENTATIONS = YES;
				CLANG_WARN_DIRECT_OBJC_ISA_USAGE = YES_ERROR;
				CLANG_WARN_DOCUMENTATION_COMMENTS = YES;
				CLANG_WARN_EMPTY_BODY = YES;
				CLANG_WARN_ENUM_CONVERSION = YES;
				CLANG_WARN_INFINITE_RECURSION = YES;
				CLANG_WARN_INT_CONVERSION = YES;
				CLANG_WARN_NON_LITERAL_NULL_CONVERSION = YES;
				CLANG_WARN_OBJC_IMPLICIT_RETAIN_SELF = YES;
				CLANG_WARN_OBJC_LITERAL_CONVERSION = YES;
				CLANG_WARN_OBJC_ROOT_CLASS = YES_ERROR;
				CLANG_WARN_QUOTED_INCLUDE_IN_FRAMEWORK_HEADER = YES;
				CLANG_WARN_RANGE_LOOP_ANALYSIS = YES;
				CLANG_WARN_STRICT_PROTOTYPES = YES;
				CLANG_WARN_SUSPICIOUS_MOVE = YES;
				CLANG_WARN_UNGUARDED_AVAILABILITY = YES_AGGRESSIVE;
				CLANG_WARN_UNREACHABLE_CODE = YES;
				CLANG_WARN__DUPLICATE_METHOD_MATCH = YES;
				COPY_PHASE_STRIP = NO;
				DEBUG_INFORMATION_FORMAT = "dwarf-with-dsym";
				ENABLE_NS_ASSERTIONS = NO;
				ENABLE_STRICT_OBJC_MSGSEND = YES;
				ENABLE_USER_SCRIPT_SANDBOXING = YES;
				GCC_C_LANGUAGE_STANDARD = gnu17;
				GCC_NO_COMMON_BLOCKS = YES;
				GCC_WARN_64_TO_32_BIT_CONVERSION = YES;
				GCC_WARN_ABOUT_RETURN_TYPE = YES_ERROR;
				GCC_WARN_UNDECLARED_SELECTOR = YES;
				GCC_WARN_UNINITIALIZED_AUTOS = YES_AGGRESSIVE;
				GCC_WARN_UNUSED_FUNCTION = YES;
				GCC_WARN_UNUSED_VARIABLE = YES;
				IPHONEOS_DEPLOYMENT_TARGET = 26.6;
				MTL_ENABLE_DEBUG_INFO = NO;
				MTL_FAST_MATH = YES;
				SDKROOT = iphoneos;
				STRING_CATALOG_GENERATE_SYMBOLS = YES;
				SUPPORTED_PLATFORMS = "iphoneos iphonesimulator";
				SWIFT_COMPILATION_MODE = wholemodule;
				VALIDATE_PRODUCT = YES;
			};
			name = Release;
		};
		2A000A032C2CC00100000001 /* Debug */ = {
			isa = XCBuildConfiguration;
			buildSettings = {
				ASSETCATALOG_COMPILER_APPICON_NAME = AppIcon;
				ASSETCATALOG_COMPILER_GLOBAL_ACCENT_COLOR_NAME = AccentColor;
				CODE_SIGN_STYLE = Automatic;
				CURRENT_PROJECT_VERSION = 1;
				DEVELOPMENT_TEAM = 359K54EWUW;
				GENERATE_INFOPLIST_FILE = YES;
				INFOPLIST_KEY_CFBundleDisplayName = "Bluetooth Scanner";
				INFOPLIST_KEY_NSBluetoothAlwaysUsageDescription = "Bluetooth Scanner scans nearby BLE advertisements while open to help you audit which devices may be trackable over time. The app does not connect to, pair with, or interfere with devices.";
				INFOPLIST_KEY_UIApplicationSceneManifest_Generation = YES;
				INFOPLIST_KEY_UIApplicationSupportsIndirectInputEvents = YES;
				INFOPLIST_KEY_UILaunchScreen_Generation = YES;
				INFOPLIST_KEY_UISupportedInterfaceOrientations_iPad = "UIInterfaceOrientationPortrait UIInterfaceOrientationPortraitUpsideDown UIInterfaceOrientationLandscapeLeft UIInterfaceOrientationLandscapeRight";
				INFOPLIST_KEY_UISupportedInterfaceOrientations_iPhone = "UIInterfaceOrientationPortrait UIInterfaceOrientationLandscapeLeft UIInterfaceOrientationLandscapeRight";
				IPHONEOS_DEPLOYMENT_TARGET = 26.6;
				LD_RUNPATH_SEARCH_PATHS = (
					"$(inherited)",
					"@executable_path/Frameworks",
				);
				MARKETING_VERSION = 1.0;
				PRODUCT_BUNDLE_IDENTIFIER = com.local.BluetoothScanner;
				PRODUCT_NAME = "$(TARGET_NAME)";
				SDKROOT = iphoneos;
				SUPPORTED_PLATFORMS = "iphoneos iphonesimulator";
				SWIFT_EMIT_LOC_STRINGS = YES;
				SWIFT_VERSION = 5.0;
				TARGETED_DEVICE_FAMILY = "1,2";
			};
			name = Debug;
		};
		2A000A042C2CC00100000001 /* Release */ = {
			isa = XCBuildConfiguration;
			buildSettings = {
				ASSETCATALOG_COMPILER_APPICON_NAME = AppIcon;
				ASSETCATALOG_COMPILER_GLOBAL_ACCENT_COLOR_NAME = AccentColor;
				CODE_SIGN_STYLE = Automatic;
				CURRENT_PROJECT_VERSION = 1;
				DEVELOPMENT_TEAM = 359K54EWUW;
				GENERATE_INFOPLIST_FILE = YES;
				INFOPLIST_KEY_CFBundleDisplayName = "Bluetooth Scanner";
				INFOPLIST_KEY_NSBluetoothAlwaysUsageDescription = "Bluetooth Scanner scans nearby BLE advertisements while open to help you audit which devices may be trackable over time. The app does not connect to, pair with, or interfere with devices.";
				INFOPLIST_KEY_UIApplicationSceneManifest_Generation = YES;
				INFOPLIST_KEY_UIApplicationSupportsIndirectInputEvents = YES;
				INFOPLIST_KEY_UILaunchScreen_Generation = YES;
				INFOPLIST_KEY_UISupportedInterfaceOrientations_iPad = "UIInterfaceOrientationPortrait UIInterfaceOrientationPortraitUpsideDown UIInterfaceOrientationLandscapeLeft UIInterfaceOrientationLandscapeRight";
				INFOPLIST_KEY_UISupportedInterfaceOrientations_iPhone = "UIInterfaceOrientationPortrait UIInterfaceOrientationLandscapeLeft UIInterfaceOrientationLandscapeRight";
				IPHONEOS_DEPLOYMENT_TARGET = 26.6;
				LD_RUNPATH_SEARCH_PATHS = (
					"$(inherited)",
					"@executable_path/Frameworks",
				);
				MARKETING_VERSION = 1.0;
				PRODUCT_BUNDLE_IDENTIFIER = com.local.BluetoothScanner;
				PRODUCT_NAME = "$(TARGET_NAME)";
				SDKROOT = iphoneos;
				SUPPORTED_PLATFORMS = "iphoneos iphonesimulator";
				SWIFT_EMIT_LOC_STRINGS = YES;
				SWIFT_VERSION = 5.0;
				TARGETED_DEVICE_FAMILY = "1,2";
			};
			name = Release;
		};
		2A000A052C2CC00100000001 /* Debug */ = {
			isa = XCBuildConfiguration;
			buildSettings = {
				BUNDLE_LOADER = "$(TEST_HOST)";
				CODE_SIGN_STYLE = Automatic;
				CURRENT_PROJECT_VERSION = 1;
				DEVELOPMENT_TEAM = 359K54EWUW;
				GENERATE_INFOPLIST_FILE = YES;
				IPHONEOS_DEPLOYMENT_TARGET = 26.6;
				LD_RUNPATH_SEARCH_PATHS = (
					"$(inherited)",
					"@executable_path/Frameworks",
					"@loader_path/Frameworks",
				);
				MARKETING_VERSION = 1.0;
				PRODUCT_BUNDLE_IDENTIFIER = com.local.BluetoothScannerTests;
				PRODUCT_NAME = "$(TARGET_NAME)";
				SDKROOT = iphoneos;
				SUPPORTED_PLATFORMS = "iphoneos iphonesimulator";
				SWIFT_ACTIVE_COMPILATION_CONDITIONS = DEBUG;
				SWIFT_VERSION = 5.0;
				TARGETED_DEVICE_FAMILY = "1,2";
				TEST_HOST = "$(BUILT_PRODUCTS_DIR)/BluetoothScanner.app/$(BUNDLE_EXECUTABLE_FOLDER_PATH)/BluetoothScanner";
			};
			name = Debug;
		};
		2A000A062C2CC00100000001 /* Release */ = {
			isa = XCBuildConfiguration;
			buildSettings = {
				BUNDLE_LOADER = "$(TEST_HOST)";
				CODE_SIGN_STYLE = Automatic;
				CURRENT_PROJECT_VERSION = 1;
				DEVELOPMENT_TEAM = 359K54EWUW;
				GENERATE_INFOPLIST_FILE = YES;
				IPHONEOS_DEPLOYMENT_TARGET = 26.6;
				LD_RUNPATH_SEARCH_PATHS = (
					"$(inherited)",
					"@executable_path/Frameworks",
					"@loader_path/Frameworks",
				);
				MARKETING_VERSION = 1.0;
				PRODUCT_BUNDLE_IDENTIFIER = com.local.BluetoothScannerTests;
				PRODUCT_NAME = "$(TARGET_NAME)";
				SDKROOT = iphoneos;
				SUPPORTED_PLATFORMS = "iphoneos iphonesimulator";
				SWIFT_VERSION = 5.0;
				TARGETED_DEVICE_FAMILY = "1,2";
				TEST_HOST = "$(BUILT_PRODUCTS_DIR)/BluetoothScanner.app/$(BUNDLE_EXECUTABLE_FOLDER_PATH)/BluetoothScanner";
			};
			name = Release;
		};
/* End XCBuildConfiguration section */

/* Begin XCConfigurationList section */
		2A0009012C2CC00100000001 /* Build configuration list for PBXNativeTarget "BluetoothScanner" */ = {
			isa = XCConfigurationList;
			buildConfigurations = (
				2A000A032C2CC00100000001 /* Debug */,
				2A000A042C2CC00100000001 /* Release */,
			);
			defaultConfigurationIsVisible = 0;
			defaultConfigurationName = Release;
		};
		2A0009022C2CC00100000001 /* Build configuration list for PBXProject "BluetoothScanner" */ = {
			isa = XCConfigurationList;
			buildConfigurations = (
				2A000A012C2CC00100000001 /* Debug */,
				2A000A022C2CC00100000001 /* Release */,
			);
			defaultConfigurationIsVisible = 0;
			defaultConfigurationName = Release;
		};
		2A0009032C2CC00100000001 /* Build configuration list for PBXNativeTarget "BluetoothScannerTests" */ = {
			isa = XCConfigurationList;
			buildConfigurations = (
				2A000A052C2CC00100000001 /* Debug */,
				2A000A062C2CC00100000001 /* Release */,
			);
			defaultConfigurationIsVisible = 0;
			defaultConfigurationName = Release;
		};
/* End XCConfigurationList section */
	};
	rootObject = 2A0008012C2CC00100000001 /* Project object */;
}
